
Microsoft Visual Studio Solution File, Format Version 11.00
# Visual Studio 2010
Project("{FAE04EC0-301F-11D3-BF4B-00C04F79EFBC}") = "SearsConnectorView", "SearsConnectorView\SearsConnectorView.csproj", "{4E2114BD-1D4F-46DB-B3FB-434A4C5DFBDC}"
EndProject
Global
	GlobalSection(SolutionConfigurationPlatforms) = preSolution
		Debug|x86 = Debug|x86
		Release|x86 = Release|x86
	EndGlobalSection
	GlobalSection(ProjectConfigurationPlatforms) = postSolution
		{4E2114BD-1D4F-46DB-B3FB-434A4C5DFBDC}.Debug|x86.ActiveCfg = Debug|x86
		{4E2114BD-1D4F-46DB-B3FB-434A4C5DFBDC}.Debug|x86.Build.0 = Debug|x86
		{4E2114BD-1D4F-46DB-B3FB-434A4C5DFBDC}.Release|x86.ActiveCfg = Release|x86
		{4E2114BD-1D4F-46DB-B3FB-434A4C5DFBDC}.Release|x86.Build.0 = Release|x86
	EndGlobalSection
	GlobalSection(SolutionProperties) = preSolution
		HideSolutionNode = FALSE
	EndGlobalSection
EndGlobal
