
Microsoft Visual Studio Solution File, Format Version 9.00
# Visual Studio 2005
Project("{FAE04EC0-301F-11D3-BF4B-00C04F79EFBC}") = "synchronize_usps_tables", "synchronize_usps_tables\synchronize_usps_tables.csproj", "{95700AE5-2A71-41F8-8D81-3E11D90C36BA}"
EndProject
Global
	GlobalSection(SolutionConfigurationPlatforms) = preSolution
		Debug|Any CPU = Debug|Any CPU
		Release|Any CPU = Release|Any CPU
	EndGlobalSection
	GlobalSection(ProjectConfigurationPlatforms) = postSolution
		{95700AE5-2A71-41F8-8D81-3E11D90C36BA}.Debug|Any CPU.ActiveCfg = Debug|Any CPU
		{95700AE5-2A71-41F8-8D81-3E11D90C36BA}.Debug|Any CPU.Build.0 = Debug|Any CPU
		{95700AE5-2A71-41F8-8D81-3E11D90C36BA}.Release|Any CPU.ActiveCfg = Release|Any CPU
		{95700AE5-2A71-41F8-8D81-3E11D90C36BA}.Release|Any CPU.Build.0 = Release|Any CPU
	EndGlobalSection
	GlobalSection(SolutionProperties) = preSolution
		HideSolutionNode = FALSE
	EndGlobalSection
EndGlobal
