
Microsoft Visual Studio Solution File, Format Version 11.00
# Visual Studio 2010
Project("{FAE04EC0-301F-11D3-BF4B-00C04F79EFBC}") = "CubiscanController", "CubiscanController\CubiscanController.csproj", "{BE4B4E6A-A0F5-49E6-B1D2-D8D32E7E4D85}"
EndProject
Global
	GlobalSection(SolutionConfigurationPlatforms) = preSolution
		Debug|x86 = Debug|x86
		Release|x86 = Release|x86
	EndGlobalSection
	GlobalSection(ProjectConfigurationPlatforms) = postSolution
		{BE4B4E6A-A0F5-49E6-B1D2-D8D32E7E4D85}.Debug|x86.ActiveCfg = Debug|x86
		{BE4B4E6A-A0F5-49E6-B1D2-D8D32E7E4D85}.Debug|x86.Build.0 = Debug|x86
		{BE4B4E6A-A0F5-49E6-B1D2-D8D32E7E4D85}.Release|x86.ActiveCfg = Release|x86
		{BE4B4E6A-A0F5-49E6-B1D2-D8D32E7E4D85}.Release|x86.Build.0 = Release|x86
	EndGlobalSection
	GlobalSection(SolutionProperties) = preSolution
		HideSolutionNode = FALSE
	EndGlobalSection
EndGlobal
