
Microsoft Visual Studio Solution File, Format Version 11.00
# Visual Studio 2010
Project("{FAE04EC0-301F-11D3-BF4B-00C04F79EFBC}") = "TruckReport", "TruckReport\TruckReport.csproj", "{A4AEA030-AE0E-49FC-8E1F-7D48C06EC5CC}"
EndProject
Global
	GlobalSection(SolutionConfigurationPlatforms) = preSolution
		Debug|x86 = Debug|x86
		Release|x86 = Release|x86
	EndGlobalSection
	GlobalSection(ProjectConfigurationPlatforms) = postSolution
		{A4AEA030-AE0E-49FC-8E1F-7D48C06EC5CC}.Debug|x86.ActiveCfg = Debug|x86
		{A4AEA030-AE0E-49FC-8E1F-7D48C06EC5CC}.Debug|x86.Build.0 = Debug|x86
		{A4AEA030-AE0E-49FC-8E1F-7D48C06EC5CC}.Release|x86.ActiveCfg = Release|x86
		{A4AEA030-AE0E-49FC-8E1F-7D48C06EC5CC}.Release|x86.Build.0 = Release|x86
	EndGlobalSection
	GlobalSection(SolutionProperties) = preSolution
		HideSolutionNode = FALSE
	EndGlobalSection
EndGlobal
