
Microsoft Visual Studio Solution File, Format Version 11.00
# Visual Studio 2010
Project("{FAE04EC0-301F-11D3-BF4B-00C04F79EFBC}") = "MAS_talker", "MAS_talker\MAS_talker.csproj", "{177D734E-8F76-4B80-A061-CEF9F6AB9265}"
EndProject
Global
	GlobalSection(SolutionConfigurationPlatforms) = preSolution
		Debug|x86 = Debug|x86
		Release|x86 = Release|x86
	EndGlobalSection
	GlobalSection(ProjectConfigurationPlatforms) = postSolution
		{177D734E-8F76-4B80-A061-CEF9F6AB9265}.Debug|x86.ActiveCfg = Debug|x86
		{177D734E-8F76-4B80-A061-CEF9F6AB9265}.Debug|x86.Build.0 = Debug|x86
		{177D734E-8F76-4B80-A061-CEF9F6AB9265}.Release|x86.ActiveCfg = Release|x86
		{177D734E-8F76-4B80-A061-CEF9F6AB9265}.Release|x86.Build.0 = Release|x86
	EndGlobalSection
	GlobalSection(SolutionProperties) = preSolution
		HideSolutionNode = FALSE
	EndGlobalSection
EndGlobal
