
Microsoft Visual Studio Solution File, Format Version 11.00
# Visual Studio 2010
Project("{FAE04EC0-301F-11D3-BF4B-00C04F79EFBC}") = "PriceTwoSpyService", "PriceTwoSpyService\PriceTwoSpyService.csproj", "{A95C4484-A42D-41D8-985E-44FF6B90C72F}"
EndProject
Global
	GlobalSection(SolutionConfigurationPlatforms) = preSolution
		Debug|x86 = Debug|x86
		Release|x86 = Release|x86
	EndGlobalSection
	GlobalSection(ProjectConfigurationPlatforms) = postSolution
		{A95C4484-A42D-41D8-985E-44FF6B90C72F}.Debug|x86.ActiveCfg = Debug|x86
		{A95C4484-A42D-41D8-985E-44FF6B90C72F}.Debug|x86.Build.0 = Debug|x86
		{A95C4484-A42D-41D8-985E-44FF6B90C72F}.Release|x86.ActiveCfg = Release|x86
		{A95C4484-A42D-41D8-985E-44FF6B90C72F}.Release|x86.Build.0 = Release|x86
	EndGlobalSection
	GlobalSection(SolutionProperties) = preSolution
		HideSolutionNode = FALSE
	EndGlobalSection
EndGlobal
