
Microsoft Visual Studio Solution File, Format Version 11.00
# Visual Studio 2010
Project("{FAE04EC0-301F-11D3-BF4B-00C04F79EFBC}") = "barcode_printing_server", "barcode_printing_server\barcode_printing_server.csproj", "{B304EC91-0C63-42CA-9E08-DFA60BCA5EE4}"
EndProject
Global
	GlobalSection(SolutionConfigurationPlatforms) = preSolution
		Debug|x86 = Debug|x86
		Release|x86 = Release|x86
	EndGlobalSection
	GlobalSection(ProjectConfigurationPlatforms) = postSolution
		{B304EC91-0C63-42CA-9E08-DFA60BCA5EE4}.Debug|x86.ActiveCfg = Debug|x86
		{B304EC91-0C63-42CA-9E08-DFA60BCA5EE4}.Debug|x86.Build.0 = Debug|x86
		{B304EC91-0C63-42CA-9E08-DFA60BCA5EE4}.Release|x86.ActiveCfg = Release|x86
		{B304EC91-0C63-42CA-9E08-DFA60BCA5EE4}.Release|x86.Build.0 = Release|x86
	EndGlobalSection
	GlobalSection(SolutionProperties) = preSolution
		HideSolutionNode = FALSE
	EndGlobalSection
EndGlobal
